lockfileVersion: '9.0'

settings:
  autoInstallPeers: true
  excludeLinksFromLockfile: false

importers:

  .:
    dependencies:
      fp-ts:
        specifier: ^2.16.5
        version: 2.16.5
      ts-deferred:
        specifier: ^1.0.4
        version: 1.0.4
      typescript:
        specifier: ^5.4.5
        version: 5.4.5

packages:

  fp-ts@2.16.5:
    resolution: {integrity: sha512-N8T8PwMSeTKKtkm9lkj/zSTAnPC/aJIIrQhnHxxkL0KLsRCNUPANksJOlMXxcKKCo7H1ORP3No9EMD+fP0tsdA==}

  ts-deferred@1.0.4:
    resolution: {integrity: sha512-uE0e0mUQpqbS3VbqqauLDJ5x9kyHeMXGxRwmoXc+woXkEYWj/MiN61IsfPtlCzfxcVwlxy+S70aU05+atxeoPQ==}

  typescript@5.4.5:
    resolution: {integrity: sha512-vcI4UpRgg81oIRUFwR0WSIHKt11nJ7SAVlYNIu+QpqeyXP+gpQJy/Z4+F0aGxSE4MqwjyXvW/TzgkLAx2AGHwQ==}
    engines: {node: '>=14.17'}
    hasBin: true

snapshots:

  fp-ts@2.16.5: {}

  ts-deferred@1.0.4: {}

  typescript@5.4.5: {}
